// !$*UTF8*$!
{
	archiveVersion = 1;
	classes = {
	};
	objectVersion = 51;
	objects = {

/* Begin PBXBuildFile section */
		7FA3651281D6BF896CD8A0E9 /* Pods_flixster.framework in Frameworks */ = {isa = PBXBuildFile; fileRef = 996E0B36EA9A7EE381848705 /* Pods_flixster.framework */; };
		EEC26D7825C67B7800A79533 /* AppDelegate.swift in Sources */ = {isa = PBXBuildFile; fileRef = EEC26D7725C67B7800A79533 /* AppDelegate.swift */; };
		EEC26D7A25C67B7800A79533 /* SceneDelegate.swift in Sources */ = {isa = PBXBuildFile; fileRef = EEC26D7925C67B7800A79533 /* SceneDelegate.swift */; };
		EEC26D7C25C67B7800A79533 /* ViewController.swift in Sources */ = {isa = PBXBuildFile; fileRef = EEC26D7B25C67B7800A79533 /* ViewController.swift */; };
		EEC26D7F25C67B7800A79533 /* Main.storyboard in Resources */ = {isa = PBXBuildFile; fileRef = EEC26D7D25C67B7800A79533 /* Main.storyboard */; };
		EEC26D8125C67B7A00A79533 /* Assets.xcassets in Resources */ = {isa = PBXBuildFile; fileRef = EEC26D8025C67B7A00A79533 /* Assets.xcassets */; };
		EEC26D8425C67B7A00A79533 /* LaunchScreen.storyboard in Resources */ = {isa = PBXBuildFile; fileRef = EEC26D8225C67B7A00A79533 /* LaunchScreen.storyboard */; };
		EEC26D8D25C698C300A79533 /* MoviesViewController.swift in Sources */ = {isa = PBXBuildFile; fileRef = EEC26D8C25C698C300A79533 /* MoviesViewController.swift */; };
		EEC26D9025C7ACD100A79533 /* MovieCell.swift in Sources */ = {isa = PBXBuildFile; fileRef = EEC26D8F25C7ACD100A79533 /* MovieCell.swift */; };
		EEC26DCC25DCC17F00A79533 /* MovieDetailsViewController.swift in Sources */ = {isa = PBXBuildFile; fileRef = EEC26DCB25DCC17F00A79533 /* MovieDetailsViewController.swift */; };
		EEC26DCF25DCDE5A00A79533 /* MovieGridViewController.swift in Sources */ = {isa = PBXBuildFile; fileRef = EEC26DCE25DCDE5A00A79533 /* MovieGridViewController.swift */; };
		EEC26DD225DE24EC00A79533 /* MovieGridCell.swift in Sources */ = {isa = PBXBuildFile; fileRef = EEC26DD125DE24EC00A79533 /* MovieGridCell.swift */; };
/* End PBXBuildFile section */

/* Begin PBXFileReference section */
		6ADCE36EB8E5E45CB5AEA353 /* Pods-flixster.release.xcconfig */ = {isa = PBXFileReference; includeInIndex = 1; lastKnownFileType = text.xcconfig; name = "Pods-flixster.release.xcconfig"; path = "Target Support Files/Pods-flixster/Pods-flixster.release.xcconfig"; sourceTree = "<group>"; };
		7E6BDD0D08BBFBC66EAA0C2E /* Pods-flixster.debug.xcconfig */ = {isa = PBXFileReference; includeInIndex = 1; lastKnownFileType = text.xcconfig; name = "Pods-flixster.debug.xcconfig"; path = "Target Support Files/Pods-flixster/Pods-flixster.debug.xcconfig"; sourceTree = "<group>"; };
		996E0B36EA9A7EE381848705 /* Pods_flixster.framework */ = {isa = PBXFileReference; explicitFileType = wrapper.framework; includeInIndex = 0; path = Pods_flixster.framework; sourceTree = BUILT_PRODUCTS_DIR; };
		EEC26D7425C67B7800A79533 /* flixster.app */ = {isa = PBXFileReference; explicitFileType = wrapper.application; includeInIndex = 0; path = flixster.app; sourceTree = BUILT_PRODUCTS_DIR; };
		EEC26D7725C67B7800A79533 /* AppDelegate.swift */ = {isa = PBXFileReference; lastKnownFileType = sourcecode.swift; path = AppDelegate.swift; sourceTree = "<group>"; };
		EEC26D7925C67B7800A79533 /* SceneDelegate.swift */ = {isa = PBXFileReference; lastKnownFileType = sourcecode.swift; path = SceneDelegate.swift; sourceTree = "<group>"; };
		EEC26D7B25C67B7800A79533 /* ViewController.swift */ = {isa = PBXFileReference; lastKnownFileType = sourcecode.swift; path = ViewController.swift; sourceTree = "<group>"; };
		EEC26D7E25C67B7800A79533 /* Base */ = {isa = PBXFileReference; lastKnownFileType = file.storyboard; name = Base; path = Base.lproj/Main.storyboard; sourceTree = "<group>"; };
		EEC26D8025C67B7A00A79533 /* Assets.xcassets */ = {isa = PBXFileReference; lastKnownFileType = folder.assetcatalog; path = Assets.xcassets; sourceTree = "<group>"; };
		EEC26D8325C67B7A00A79533 /* Base */ = {isa = PBXFileReference; lastKnownFileType = file.storyboard; name = Base; path = Base.lproj/LaunchScreen.storyboard; sourceTree = "<group>"; };
		EEC26D8525C67B7A00A79533 /* Info.plist */ = {isa = PBXFileReference; lastKnownFileType = text.plist.xml; path = Info.plist; sourceTree = "<group>"; };
		EEC26D8C25C698C300A79533 /* MoviesViewController.swift */ = {isa = PBXFileReference; lastKnownFileType = sourcecode.swift; path = MoviesViewController.swift; sourceTree = "<group>"; };
		EEC26D8F25C7ACD100A79533 /* MovieCell.swift */ = {isa = PBXFileReference; lastKnownFileType = sourcecode.swift; path = MovieCell.swift; sourceTree = "<group>"; };
		EEC26DCB25DCC17F00A79533 /* MovieDetailsViewController.swift */ = {isa = PBXFileReference; lastKnownFileType = sourcecode.swift; path = MovieDetailsViewController.swift; sourceTree = "<group>"; };
		EEC26DCE25DCDE5A00A79533 /* MovieGridViewController.swift */ = {isa = PBXFileReference; lastKnownFileType = sourcecode.swift; path = MovieGridViewController.swift; sourceTree = "<group>"; };
		EEC26DD125DE24EC00A79533 /* MovieGridCell.swift */ = {isa = PBXFileReference; lastKnownFileType = sourcecode.swift; path = MovieGridCell.swift; sourceTree = "<group>"; };
/* End PBXFileReference section */

/* Begin PBXFrameworksBuildPhase section */
		EEC26D7125C67B7800A79533 /* Frameworks */ = {
			isa = PBXFrameworksBuildPhase;
			buildActionMask = 2147483647;
			files = (
				7FA3651281D6BF896CD8A0E9 /* Pods_flixster.framework in Frameworks */,
			);
			runOnlyForDeploymentPostprocessing = 0;
		};
/* End PBXFrameworksBuildPhase section */

/* Begin PBXGroup section */
		AB7A5B426DDBC7B7050A6D5C /* Frameworks */ = {
			isa = PBXGroup;
			children = (
				996E0B36EA9A7EE381848705 /* Pods_flixster.framework */,
			);
			name = Frameworks;
			sourceTree = "<group>";
		};
		CEA34EECC3D54AC306326F36 /* Pods */ = {
			isa = PBXGroup;
			children = (
				7E6BDD0D08BBFBC66EAA0C2E /* Pods-flixster.debug.xcconfig */,
				6ADCE36EB8E5E45CB5AEA353 /* Pods-flixster.release.xcconfig */,
			);
			path = Pods;
			sourceTree = "<group>";
		};
		EEC26D6B25C67B7800A79533 = {
			isa = PBXGroup;
			children = (
				EEC26D7625C67B7800A79533 /* flixster */,
				EEC26D7525C67B7800A79533 /* Products */,
				CEA34EECC3D54AC306326F36 /* Pods */,
				AB7A5B426DDBC7B7050A6D5C /* Frameworks */,
			);
			sourceTree = "<group>";
		};
		EEC26D7525C67B7800A79533 /* Products */ = {
			isa = PBXGroup;
			children = (
				EEC26D7425C67B7800A79533 /* flixster.app */,
			);
			name = Products;
			sourceTree = "<group>";
		};
		EEC26D7625C67B7800A79533 /* flixster */ = {
			isa = PBXGroup;
			children = (
				EEC26D7725C67B7800A79533 /* AppDelegate.swift */,
				EEC26D7925C67B7800A79533 /* SceneDelegate.swift */,
				EEC26D7B25C67B7800A79533 /* ViewController.swift */,
				EEC26D7D25C67B7800A79533 /* Main.storyboard */,
				EEC26D8F25C7ACD100A79533 /* MovieCell.swift */,
				EEC26D8025C67B7A00A79533 /* Assets.xcassets */,
				EEC26D8225C67B7A00A79533 /* LaunchScreen.storyboard */,
				EEC26D8525C67B7A00A79533 /* Info.plist */,
				EEC26D8C25C698C300A79533 /* MoviesViewController.swift */,
				EEC26DCB25DCC17F00A79533 /* MovieDetailsViewController.swift */,
				EEC26DCE25DCDE5A00A79533 /* MovieGridViewController.swift */,
				EEC26DD125DE24EC00A79533 /* MovieGridCell.swift */,
			);
			path = flixster;
			sourceTree = "<group>";
		};
/* End PBXGroup section */

/* Begin PBXNativeTarget section */
		EEC26D7325C67B7800A79533 /* flixster */ = {
			isa = PBXNativeTarget;
			buildConfigurationList = EEC26D8825C67B7A00A79533 /* Build configuration list for PBXNativeTarget "flixster" */;
			buildPhases = (
				39F08889E910298A4F89E1E4 /* [CP] Check Pods Manifest.lock */,
				EEC26D7025C67B7800A79533 /* Sources */,
				EEC26D7125C67B7800A79533 /* Frameworks */,
				EEC26D7225C67B7800A79533 /* Resources */,
				F55298EBF2D983799A4EC842 /* [CP] Embed Pods Frameworks */,
			);
			buildRules = (
			);
			dependencies = (
			);
			name = flixster;
			productName = flixster;
			productReference = EEC26D7425C67B7800A79533 /* flixster.app */;
			productType = "com.apple.product-type.application";
		};
/* End PBXNativeTarget section */

/* Begin PBXProject section */
		EEC26D6C25C67B7800A79533 /* Project object */ = {
			isa = PBXProject;
			attributes = {
				LastSwiftUpdateCheck = 1200;
				LastUpgradeCheck = 1200;
				TargetAttributes = {
					EEC26D7325C67B7800A79533 = {
						CreatedOnToolsVersion = 12.0.1;
					};
				};
			};
			buildConfigurationList = EEC26D6F25C67B7800A79533 /* Build configuration list for PBXProject "flixster" */;
			compatibilityVersion = "Xcode 9.3";
			developmentRegion = en;
			hasScannedForEncodings = 0;
			knownRegions = (
				en,
				Base,
			);
			mainGroup = EEC26D6B25C67B7800A79533;
			productRefGroup = EEC26D7525C67B7800A79533 /* Products */;
			projectDirPath = "";
			projectRoot = "";
			targets = (
				EEC26D7325C67B7800A79533 /* flixster */,
			);
		};
/* End PBXProject section */

/* Begin PBXResourcesBuildPhase section */
		EEC26D7225C67B7800A79533 /* Resources */ = {
			isa = PBXResourcesBuildPhase;
			buildActionMask = 2147483647;
			files = (
				EEC26D8425C67B7A00A79533 /* LaunchScreen.storyboard in Resources */,
				EEC26D8125C67B7A00A79533 /* Assets.xcassets in Resources */,
				EEC26D7F25C67B7800A79533 /* Main.storyboard in Resources */,
			);
			runOnlyForDeploymentPostprocessing = 0;
		};
/* End PBXResourcesBuildPhase section */

/* Begin PBXShellScriptBuildPhase section */
		39F08889E910298A4F89E1E4 /* [CP] Check Pods Manifest.lock */ = {
			isa = PBXShellScriptBuildPhase;
			buildActionMask = 2147483647;
			files = (
			);
			inputFileListPaths = (
			);
			inputPaths = (
				"${PODS_PODFILE_DIR_PATH}/Podfile.lock",
				"${PODS_ROOT}/Manifest.lock",
			);
			name = "[CP] Check Pods Manifest.lock";
			outputFileListPaths = (
			);
			outputPaths = (
				"$(DERIVED_FILE_DIR)/Pods-flixster-checkManifestLockResult.txt",
			);
			runOnlyForDeploymentPostprocessing = 0;
			shellPath = /bin/sh;
			shellScript = "diff \"${PODS_PODFILE_DIR_PATH}/Podfile.lock\" \"${PODS_ROOT}/Manifest.lock\" > /dev/null\nif [ $? != 0 ] ; then\n    # print error to STDERR\n    echo \"error: The sandbox is not in sync with the Podfile.lock. Run 'pod install' or update your CocoaPods installation.\" >&2\n    exit 1\nfi\n# This output is used by Xcode 'outputs' to avoid re-running this script phase.\necho \"SUCCESS\" > \"${SCRIPT_OUTPUT_FILE_0}\"\n";
			showEnvVarsInLog = 0;
		};
		F55298EBF2D983799A4EC842 /* [CP] Embed Pods Frameworks */ = {
			isa = PBXShellScriptBuildPhase;
			buildActionMask = 2147483647;
			files = (
			);
			inputFileListPaths = (
				"${PODS_ROOT}/Target Support Files/Pods-flixster/Pods-flixster-frameworks-${CONFIGURATION}-input-files.xcfilelist",
			);
			name = "[CP] Embed Pods Frameworks";
			outputFileListPaths = (
				"${PODS_ROOT}/Target Support Files/Pods-flixster/Pods-flixster-frameworks-${CONFIGURATION}-output-files.xcfilelist",
			);
			runOnlyForDeploymentPostprocessing = 0;
			shellPath = /bin/sh;
			shellScript = "\"${PODS_ROOT}/Target Support Files/Pods-flixster/Pods-flixster-frameworks.sh\"\n";
			showEnvVarsInLog = 0;
		};
/* End PBXShellScriptBuildPhase section */

/* Begin PBXSourcesBuildPhase section */
		EEC26D7025C67B7800A79533 /* Sources */ = {
			isa = PBXSourcesBuildPhase;
			buildActionMask = 2147483647;
			files = (
				EEC26D7C25C67B7800A79533 /* ViewController.swift in Sources */,
				EEC26D7825C67B7800A79533 /* AppDelegate.swift in Sources */,
				EEC26DCC25DCC17F00A79533 /* MovieDetailsViewController.swift in Sources */,
				EEC26DCF25DCDE5A00A79533 /* MovieGridViewController.swift in Sources */,
				EEC26DD225DE24EC00A79533 /* MovieGridCell.swift in Sources */,
				EEC26D7A25C67B7800A79533 /* SceneDelegate.swift in Sources */,
				EEC26D9025C7ACD100A79533 /* MovieCell.swift in Sources */,
				EEC26D8D25C698C300A79533 /* MoviesViewController.swift in Sources */,
			);
			runOnlyForDeploymentPostprocessing = 0;
		};
/* End PBXSourcesBuildPhase section */

/* Begin PBXVariantGroup section */
		EEC26D7D25C67B7800A79533 /* Main.storyboard */ = {
			isa = PBXVariantGroup;
			children = (
				EEC26D7E25C67B7800A79533 /* Base */,
			);
			name = Main.storyboard;
			sourceTree = "<group>";
		};
		EEC26D8225C67B7A00A79533 /* LaunchScreen.storyboard */ = {
			isa = PBXVariantGroup;
			children = (
				EEC26D8325C67B7A00A79533 /* Base */,
			);
			name = LaunchScreen.storyboard;
			sourceTree = "<group>";
		};
/* End PBXVariantGroup section */

/* Begin XCBuildConfiguration section */
		EEC26D8625C67B7A00A79533 /* Debug */ = {
			isa = XCBuildConfiguration;
			buildSettings = {
				ALWAYS_SEARCH_USER_PATHS = NO;
				CLANG_ANALYZER_NONNULL = YES;
				CLANG_ANALYZER_NUMBER_OBJECT_CONVERSION = YES_AGGRESSIVE;
				CLANG_CXX_LANGUAGE_STANDARD = "gnu++14";
				CLANG_CXX_LIBRARY = "libc++";
				CLANG_ENABLE_MODULES = YES;
				CLANG_ENABLE_OBJC_ARC = YES;
				CLANG_ENABLE_OBJC_WEAK = YES;
				CLANG_WARN_BLOCK_CAPTURE_AUTORELEASING = YES;
				CLANG_WARN_BOOL_CONVERSION = YES;
				CLANG_WARN_COMMA = YES;
				CLANG_WARN_CONSTANT_CONVERSION = YES;
				CLANG_WARN_DEPRECATED_OBJC_IMPLEMENTATIONS = YES;
				CLANG_WARN_DIRECT_OBJC_ISA_USAGE = YES_ERROR;
				CLANG_WARN_DOCUMENTATION_COMMENTS = YES;
				CLANG_WARN_EMPTY_BODY = YES;
				CLANG_WARN_ENUM_CONVERSION = YES;
				CLANG_WARN_INFINITE_RECURSION = YES;
				CLANG_WARN_INT_CONVERSION = YES;
				CLANG_WARN_NON_LITERAL_NULL_CONVERSION = YES;
				CLANG_WARN_OBJC_IMPLICIT_RETAIN_SELF = YES;
				CLANG_WARN_OBJC_LITERAL_CONVERSION = YES;
				CLANG_WARN_OBJC_ROOT_CLASS = YES_ERROR;
				CLANG_WARN_QUOTED_INCLUDE_IN_FRAMEWORK_HEADER = YES;
				CLANG_WARN_RANGE_LOOP_ANALYSIS = YES;
				CLANG_WARN_STRICT_PROTOTYPES = YES;
				CLANG_WARN_SUSPICIOUS_MOVE = YES;
				CLANG_WARN_UNGUARDED_AVAILABILITY = YES_AGGRESSIVE;
				CLANG_WARN_UNREACHABLE_CODE = YES;
				CLANG_WARN__DUPLICATE_METHOD_MATCH = YES;
				COPY_PHASE_STRIP = NO;
				DEBUG_INFORMATION_FORMAT = dwarf;
				ENABLE_STRICT_OBJC_MSGSEND = YES;
				ENABLE_TESTABILITY = YES;
				GCC_C_LANGUAGE_STANDARD = gnu11;
				GCC_DYNAMIC_NO_PIC = NO;
				GCC_NO_COMMON_BLOCKS = YES;
				GCC_OPTIMIZATION_LEVEL = 0;
				GCC_PREPROCESSOR_DEFINITIONS = (
					"DEBUG=1",
					"$(inherited)",
				);
				GCC_WARN_64_TO_32_BIT_CONVERSION = YES;
				GCC_WARN_ABOUT_RETURN_TYPE = YES_ERROR;
				GCC_WARN_UNDECLARED_SELECTOR = YES;
				GCC_WARN_UNINITIALIZED_AUTOS = YES_AGGRESSIVE;
				GCC_WARN_UNUSED_FUNCTION = YES;
				GCC_WARN_UNUSED_VARIABLE = YES;
				IPHONEOS_DEPLOYMENT_TARGET = 14.0;
				MTL_ENABLE_DEBUG_INFO = INCLUDE_SOURCE;
				MTL_FAST_MATH = YES;
				ONLY_ACTIVE_ARCH = YES;
				SDKROOT = iphoneos;
				SWIFT_ACTIVE_COMPILATION_CONDITIONS = DEBUG;
				SWIFT_OPTIMIZATION_LEVEL = "-Onone";
			};
			name = Debug;
		};
		EEC26D8725C67B7A00A79533 /* Release */ = {
			isa = XCBuildConfiguration;
			buildSettings = {
				ALWAYS_SEARCH_USER_PATHS = NO;
				CLANG_ANALYZER_NONNULL = YES;
				CLANG_ANALYZER_NUMBER_OBJECT_CONVERSION = YES_AGGRESSIVE;
				CLANG_CXX_LANGUAGE_STANDARD = "gnu++14";
				CLANG_CXX_LIBRARY = "libc++";
				CLANG_ENABLE_MODULES = YES;
				CLANG_ENABLE_OBJC_ARC = YES;
				CLANG_ENABLE_OBJC_WEAK = YES;
				CLANG_WARN_BLOCK_CAPTURE_AUTORELEASING = YES;
				CLANG_WARN_BOOL_CONVERSION = YES;
				CLANG_WARN_COMMA = YES;
				CLANG_WARN_CONSTANT_CONVERSION = YES;
				CLANG_WARN_DEPRECATED_OBJC_IMPLEMENTATIONS = YES;
				CLANG_WARN_DIRECT_OBJC_ISA_USAGE = YES_ERROR;
				CLANG_WARN_DOCUMENTATION_COMMENTS = YES;
				CLANG_WARN_EMPTY_BODY = YES;
				CLANG_WARN_ENUM_CONVERSION = YES;
				CLANG_WARN_INFINITE_RECURSION = YES;
				CLANG_WARN_INT_CONVERSION = YES;
				CLANG_WARN_NON_LITERAL_NULL_CONVERSION = YES;
				CLANG_WARN_OBJC_IMPLICIT_RETAIN_SELF = YES;
				CLANG_WARN_OBJC_LITERAL_CONVERSION = YES;
				CLANG_WARN_OBJC_ROOT_CLASS = YES_ERROR;
				CLANG_WARN_QUOTED_INCLUDE_IN_FRAMEWORK_HEADER = YES;
				CLANG_WARN_RANGE_LOOP_ANALYSIS = YES;
				CLANG_WARN_STRICT_PROTOTYPES = YES;
				CLANG_WARN_SUSPICIOUS_MOVE = YES;
				CLANG_WARN_UNGUARDED_AVAILABILITY = YES_AGGRESSIVE;
				CLANG_WARN_UNREACHABLE_CODE = YES;
				CLANG_WARN__DUPLICATE_METHOD_MATCH = YES;
				COPY_PHASE_STRIP = NO;
				DEBUG_INFORMATION_FORMAT = "dwarf-with-dsym";
				ENABLE_NS_ASSERTIONS = NO;
				ENABLE_STRICT_OBJC_MSGSEND = YES;
				GCC_C_LANGUAGE_STANDARD = gnu11;
				GCC_NO_COMMON_BLOCKS = YES;
				GCC_WARN_64_TO_32_BIT_CONVERSION = YES;
				GCC_WARN_ABOUT_RETURN_TYPE = YES_ERROR;
				GCC_WARN_UNDECLARED_SELECTOR = YES;
				GCC_WARN_UNINITIALIZED_AUTOS = YES_AGGRESSIVE;
				GCC_WARN_UNUSED_FUNCTION = YES;
				GCC_WARN_UNUSED_VARIABLE = YES;
				IPHONEOS_DEPLOYMENT_TARGET = 14.0;
				MTL_ENABLE_DEBUG_INFO = NO;
				MTL_FAST_MATH = YES;
				SDKROOT = iphoneos;
				SWIFT_COMPILATION_MODE = wholemodule;
				SWIFT_OPTIMIZATION_LEVEL = "-O";
				VALIDATE_PRODUCT = YES;
			};
			name = Release;
		};
		EEC26D8925C67B7A00A79533 /* Debug */ = {
			isa = XCBuildConfiguration;
			baseConfigurationReference = 7E6BDD0D08BBFBC66EAA0C2E /* Pods-flixster.debug.xcconfig */;
			buildSettings = {
				ASSETCATALOG_COMPILER_APPICON_NAME = AppIcon;
				ASSETCATALOG_COMPILER_GLOBAL_ACCENT_COLOR_NAME = AccentColor;
				CODE_SIGN_STYLE = Automatic;
				DEVELOPMENT_TEAM = Y8YDY95LVK;
				INFOPLIST_FILE = flixster/Info.plist;
				LD_RUNPATH_SEARCH_PATHS = (
					"$(inherited)",
					"@executable_path/Frameworks",
				);
				PRODUCT_BUNDLE_IDENTIFIER = chriztopherton.flixster;
				PRODUCT_NAME = "$(TARGET_NAME)";
				SWIFT_VERSION = 5.0;
				TARGETED_DEVICE_FAMILY = "1,2";
			};
			name = Debug;
		};
		EEC26D8A25C67B7A00A79533 /* Release */ = {
			isa = XCBuildConfiguration;
			baseConfigurationReference = 6ADCE36EB8E5E45CB5AEA353 /* Pods-flixster.release.xcconfig */;
			buildSettings = {
				ASSETCATALOG_COMPILER_APPICON_NAME = AppIcon;
				ASSETCATALOG_COMPILER_GLOBAL_ACCENT_COLOR_NAME = AccentColor;
				CODE_SIGN_STYLE = Automatic;
				DEVELOPMENT_TEAM = Y8YDY95LVK;
				INFOPLIST_FILE = flixster/Info.plist;
				LD_RUNPATH_SEARCH_PATHS = (
					"$(inherited)",
					"@executable_path/Frameworks",
				);
				PRODUCT_BUNDLE_IDENTIFIER = chriztopherton.flixster;
				PRODUCT_NAME = "$(TARGET_NAME)";
				SWIFT_VERSION = 5.0;
				TARGETED_DEVICE_FAMILY = "1,2";
			};
			name = Release;
		};
/* End XCBuildConfiguration section */

/* Begin XCConfigurationList section */
		EEC26D6F25C67B7800A79533 /* Build configuration list for PBXProject "flixster" */ = {
			isa = XCConfigurationList;
			buildConfigurations = (
				EEC26D8625C67B7A00A79533 /* Debug */,
				EEC26D8725C67B7A00A79533 /* Release */,
			);
			defaultConfigurationIsVisible = 0;
			defaultConfigurationName = Release;
		};
		EEC26D8825C67B7A00A79533 /* Build configuration list for PBXNativeTarget "flixster" */ = {
			isa = XCConfigurationList;
			buildConfigurations = (
				EEC26D8925C67B7A00A79533 /* Debug */,
				EEC26D8A25C67B7A00A79533 /* Release */,
			);
			defaultConfigurationIsVisible = 0;
			defaultConfigurationName = Release;
		};
/* End XCConfigurationList section */
	};
	rootObject = EEC26D6C25C67B7800A79533 /* Project object */;
}
